// !$*UTF8*$!
{
	archiveVersion = 1;
	classes = {
	};
	objectVersion = 46;
	objects = {

/* Begin PBXBuildFile section */
		C3BE84C51D3E6141009B899F /* AppDelegate.swift in Sources */ = {isa = PBXBuildFile; fileRef = C3BE84C41D3E6141009B899F /* AppDelegate.swift */; };
		C3BE84C71D3E6141009B899F /* ViewController.swift in Sources */ = {isa = PBXBuildFile; fileRef = C3BE84C61D3E6141009B899F /* ViewController.swift */; };
		C3BE84CA1D3E6141009B899F /* Main.storyboard in Resources */ = {isa = PBXBuildFile; fileRef = C3BE84C81D3E6141009B899F /* Main.storyboard */; };
		C3BE84CC1D3E6141009B899F /* Assets.xcassets in Resources */ = {isa = PBXBuildFile; fileRef = C3BE84CB1D3E6141009B899F /* Assets.xcassets */; };
		C3BE84CF1D3E6141009B899F /* LaunchScreen.storyboard in Resources */ = {isa = PBXBuildFile; fileRef = C3BE84CD1D3E6141009B899F /* LaunchScreen.storyboard */; };
		C3BE84DA1D3E6141009B899F /* CalculatorTests.swift in Sources */ = {isa = PBXBuildFile; fileRef = C3BE84D91D3E6141009B899F /* CalculatorTests.swift */; };
		C3BE84E51D3E6141009B899F /* CalculatorUITests.swift in Sources */ = {isa = PBXBuildFile; fileRef = C3BE84E41D3E6141009B899F /* CalculatorUITests.swift */; };
/* End PBXBuildFile section */

/* Begin PBXContainerItemProxy section */
		C3BE84D61D3E6141009B899F /* PBXContainerItemProxy */ = {
			isa = PBXContainerItemProxy;
			containerPortal = C3BE84B91D3E6141009B899F /* Project object */;
			proxyType = 1;
			remoteGlobalIDString = C3BE84C01D3E6141009B899F;
			remoteInfo = Calculator;
		};
		C3BE84E11D3E6141009B899F /* PBXContainerItemProxy */ = {
			isa = PBXContainerItemProxy;
			containerPortal = C3BE84B91D3E6141009B899F /* Project object */;
			proxyType = 1;
			remoteGlobalIDString = C3BE84C01D3E6141009B899F;
			remoteInfo = Calculator;
		};
/* End PBXContainerItemProxy section */

/* Begin PBXFileReference section */
		C3BE84C11D3E6141009B899F /* Calculator.app */ = {isa = PBXFileReference; explicitFileType = wrapper.application; includeInIndex = 0; path = Calculator.app; sourceTree = BUILT_PRODUCTS_DIR; };
		C3BE84C41D3E6141009B899F /* AppDelegate.swift */ = {isa = PBXFileReference; lastKnownFileType = sourcecode.swift; path = AppDelegate.swift; sourceTree = "<group>"; };
		C3BE84C61D3E6141009B899F /* ViewController.swift */ = {isa = PBXFileReference; lastKnownFileType = sourcecode.swift; path = ViewController.swift; sourceTree = "<group>"; };
		C3BE84C91D3E6141009B899F /* Base */ = {isa = PBXFileReference; lastKnownFileType = file.storyboard; name = Base; path = Base.lproj/Main.storyboard; sourceTree = "<group>"; };
		C3BE84CB1D3E6141009B899F /* Assets.xcassets */ = {isa = PBXFileReference; lastKnownFileType = folder.assetcatalog; path = Assets.xcassets; sourceTree = "<group>"; };
		C3BE84CE1D3E6141009B899F /* Base */ = {isa = PBXFileReference; lastKnownFileType = file.storyboard; name = Base; path = Base.lproj/LaunchScreen.storyboard; sourceTree = "<group>"; };
		C3BE84D01D3E6141009B899F /* Info.plist */ = {isa = PBXFileReference; lastKnownFileType = text.plist.xml; path = Info.plist; sourceTree = "<group>"; };
		C3BE84D51D3E6141009B899F /* CalculatorTests.xctest */ = {isa = PBXFileReference; explicitFileType = wrapper.cfbundle; includeInIndex = 0; path = CalculatorTests.xctest; sourceTree = BUILT_PRODUCTS_DIR; };
		C3BE84D91D3E6141009B899F /* CalculatorTests.swift */ = {isa = PBXFileReference; lastKnownFileType = sourcecode.swift; path = CalculatorTests.swift; sourceTree = "<group>"; };
		C3BE84DB1D3E6141009B899F /* Info.plist */ = {isa = PBXFileReference; lastKnownFileType = text.plist.xml; path = Info.plist; sourceTree = "<group>"; };
		C3BE84E01D3E6141009B899F /* CalculatorUITests.xctest */ = {isa = PBXFileReference; explicitFileType = wrapper.cfbundle; includeInIndex = 0; path = CalculatorUITests.xctest; sourceTree = BUILT_PRODUCTS_DIR; };
		C3BE84E41D3E6141009B899F /* CalculatorUITests.swift */ = {isa = PBXFileReference; lastKnownFileType = sourcecode.swift; path = CalculatorUITests.swift; sourceTree = "<group>"; };
		C3BE84E61D3E6141009B899F /* Info.plist */ = {isa = PBXFileReference; lastKnownFileType = text.plist.xml; path = Info.plist; sourceTree = "<group>"; };
/* End PBXFileReference section */

/* Begin PBXFrameworksBuildPhase section */
		C3BE84BE1D3E6141009B899F /* Frameworks */ = {
			isa = PBXFrameworksBuildPhase;
			buildActionMask = 2147483647;
			files = (
			);
			runOnlyForDeploymentPostprocessing = 0;
		};
		C3BE84D21D3E6141009B899F /* Frameworks */ = {
			isa = PBXFrameworksBuildPhase;
			buildActionMask = 2147483647;
			files = (
			);
			runOnlyForDeploymentPostprocessing = 0;
		};
		C3BE84DD1D3E6141009B899F /* Frameworks */ = {
			isa = PBXFrameworksBuildPhase;
			buildActionMask = 2147483647;
			files = (
			);
			runOnlyForDeploymentPostprocessing = 0;
		};
/* End PBXFrameworksBuildPhase section */

/* Begin PBXGroup section */
		C3BE84B81D3E6141009B899F = {
			isa = PBXGroup;
			children = (
				C3BE84C31D3E6141009B899F /* Calculator */,
				C3BE84D81D3E6141009B899F /* CalculatorTests */,
				C3BE84E31D3E6141009B899F /* CalculatorUITests */,
				C3BE84C21D3E6141009B899F /* Products */,
			);
			sourceTree = "<group>";
		};
		C3BE84C21D3E6141009B899F /* Products */ = {
			isa = PBXGroup;
			children = (
				C3BE84C11D3E6141009B899F /* Calculator.app */,
				C3BE84D51D3E6141009B899F /* CalculatorTests.xctest */,
				C3BE84E01D3E6141009B899F /* CalculatorUITests.xctest */,
			);
			name = Products;
			sourceTree = "<group>";
		};
		C3BE84C31D3E6141009B899F /* Calculator */ = {
			isa = PBXGroup;
			children = (
				C3BE84C41D3E6141009B899F /* AppDelegate.swift */,
				C3BE84C61D3E6141009B899F /* ViewController.swift */,
				C3BE84C81D3E6141009B899F /* Main.storyboard */,
				C3BE84CB1D3E6141009B899F /* Assets.xcassets */,
				C3BE84CD1D3E6141009B899F /* LaunchScreen.storyboard */,
				C3BE84D01D3E6141009B899F /* Info.plist */,
			);
			path = Calculator;
			sourceTree = "<group>";
		};
		C3BE84D81D3E6141009B899F /* CalculatorTests */ = {
			isa = PBXGroup;
			children = (
				C3BE84D91D3E6141009B899F /* CalculatorTests.swift */,
				C3BE84DB1D3E6141009B899F /* Info.plist */,
			);
			path = CalculatorTests;
			sourceTree = "<group>";
		};
		C3BE84E31D3E6141009B899F /* CalculatorUITests */ = {
			isa = PBXGroup;
			children = (
				C3BE84E41D3E6141009B899F /* CalculatorUITests.swift */,
				C3BE84E61D3E6141009B899F /* Info.plist */,
			);
			path = CalculatorUITests;
			sourceTree = "<group>";
		};
/* End PBXGroup section */

/* Begin PBXNativeTarget section */
		C3BE84C01D3E6141009B899F /* Calculator */ = {
			isa = PBXNativeTarget;
			buildConfigurationList = C3BE84E91D3E6141009B899F /* Build configuration list for PBXNativeTarget "Calculator" */;
			buildPhases = (
				C3BE84BD1D3E6141009B899F /* Sources */,
				C3BE84BE1D3E6141009B899F /* Frameworks */,
				C3BE84BF1D3E6141009B899F /* Resources */,
			);
			buildRules = (
			);
			dependencies = (
			);
			name = Calculator;
			productName = Calculator;
			productReference = C3BE84C11D3E6141009B899F /* Calculator.app */;
			productType = "com.apple.product-type.application";
		};
		C3BE84D41D3E6141009B899F /* CalculatorTests */ = {
			isa = PBXNativeTarget;
			buildConfigurationList = C3BE84EC1D3E6141009B899F /* Build configuration list for PBXNativeTarget "CalculatorTests" */;
			buildPhases = (
				C3BE84D11D3E6141009B899F /* Sources */,
				C3BE84D21D3E6141009B899F /* Frameworks */,
				C3BE84D31D3E6141009B899F /* Resources */,
			);
			buildRules = (
			);
			dependencies = (
				C3BE84D71D3E6141009B899F /* PBXTargetDependency */,
			);
			name = CalculatorTests;
			productName = CalculatorTests;
			productReference = C3BE84D51D3E6141009B899F /* CalculatorTests.xctest */;
			productType = "com.apple.product-type.bundle.unit-test";
		};
		C3BE84DF1D3E6141009B899F /* CalculatorUITests */ = {
			isa = PBXNativeTarget;
			buildConfigurationList = C3BE84EF1D3E6141009B899F /* Build configuration list for PBXNativeTarget "CalculatorUITests" */;
			buildPhases = (
				C3BE84DC1D3E6141009B899F /* Sources */,
				C3BE84DD1D3E6141009B899F /* Frameworks */,
				C3BE84DE1D3E6141009B899F /* Resources */,
			);
			buildRules = (
			);
			dependencies = (
				C3BE84E21D3E6141009B899F /* PBXTargetDependency */,
			);
			name = CalculatorUITests;
			productName = CalculatorUITests;
			productReference = C3BE84E01D3E6141009B899F /* CalculatorUITests.xctest */;
			productType = "com.apple.product-type.bundle.ui-testing";
		};
/* End PBXNativeTarget section */

/* Begin PBXProject section */
		C3BE84B91D3E6141009B899F /* Project object */ = {
			isa = PBXProject;
			attributes = {
				LastSwiftUpdateCheck = 0730;
				LastUpgradeCheck = 0730;
				ORGANIZATIONNAME = "Robertas Will";
				TargetAttributes = {
					C3BE84C01D3E6141009B899F = {
						CreatedOnToolsVersion = 7.3.1;
					};
					C3BE84D41D3E6141009B899F = {
						CreatedOnToolsVersion = 7.3.1;
						TestTargetID = C3BE84C01D3E6141009B899F;
					};
					C3BE84DF1D3E6141009B899F = {
						CreatedOnToolsVersion = 7.3.1;
						TestTargetID = C3BE84C01D3E6141009B899F;
					};
				};
			};
			buildConfigurationList = C3BE84BC1D3E6141009B899F /* Build configuration list for PBXProject "Calculator" */;
			compatibilityVersion = "Xcode 3.2";
			developmentRegion = English;
			hasScannedForEncodings = 0;
			knownRegions = (
				en,
				Base,
			);
			mainGroup = C3BE84B81D3E6141009B899F;
			productRefGroup = C3BE84C21D3E6141009B899F /* Products */;
			projectDirPath = "";
			projectRoot = "";
			targets = (
				C3BE84C01D3E6141009B899F /* Calculator */,
				C3BE84D41D3E6141009B899F /* CalculatorTests */,
				C3BE84DF1D3E6141009B899F /* CalculatorUITests */,
			);
		};
/* End PBXProject section */

/* Begin PBXResourcesBuildPhase section */
		C3BE84BF1D3E6141009B899F /* Resources */ = {
			isa = PBXResourcesBuildPhase;
			buildActionMask = 2147483647;
			files = (
				C3BE84CF1D3E6141009B899F /* LaunchScreen.storyboard in Resources */,
				C3BE84CC1D3E6141009B899F /* Assets.xcassets in Resources */,
				C3BE84CA1D3E6141009B899F /* Main.storyboard in Resources */,
			);
			runOnlyForDeploymentPostprocessing = 0;
		};
		C3BE84D31D3E6141009B899F /* Resources */ = {
			isa = PBXResourcesBuildPhase;
			buildActionMask = 2147483647;
			files = (
			);
			runOnlyForDeploymentPostprocessing = 0;
		};
		C3BE84DE1D3E6141009B899F /* Resources */ = {
			isa = PBXResourcesBuildPhase;
			buildActionMask = 2147483647;
			files = (
			);
			runOnlyForDeploymentPostprocessing = 0;
		};
/* End PBXResourcesBuildPhase section */

/* Begin PBXSourcesBuildPhase section */
		C3BE84BD1D3E6141009B899F /* Sources */ = {
			isa = PBXSourcesBuildPhase;
			buildActionMask = 2147483647;
			files = (
				C3BE84C71D3E6141009B899F /* ViewController.swift in Sources */,
				C3BE84C51D3E6141009B899F /* AppDelegate.swift in Sources */,
			);
			runOnlyForDeploymentPostprocessing = 0;
		};
		C3BE84D11D3E6141009B899F /* Sources */ = {
			isa = PBXSourcesBuildPhase;
			buildActionMask = 2147483647;
			files = (
				C3BE84DA1D3E6141009B899F /* CalculatorTests.swift in Sources */,
			);
			runOnlyForDeploymentPostprocessing = 0;
		};
		C3BE84DC1D3E6141009B899F /* Sources */ = {
			isa = PBXSourcesBuildPhase;
			buildActionMask = 2147483647;
			files = (
				C3BE84E51D3E6141009B899F /* CalculatorUITests.swift in Sources */,
			);
			runOnlyForDeploymentPostprocessing = 0;
		};
/* End PBXSourcesBuildPhase section */

/* Begin PBXTargetDependency section */
		C3BE84D71D3E6141009B899F /* PBXTargetDependency */ = {
			isa = PBXTargetDependency;
			target = C3BE84C01D3E6141009B899F /* Calculator */;
			targetProxy = C3BE84D61D3E6141009B899F /* PBXContainerItemProxy */;
		};
		C3BE84E21D3E6141009B899F /* PBXTargetDependency */ = {
			isa = PBXTargetDependency;
			target = C3BE84C01D3E6141009B899F /* Calculator */;
			targetProxy = C3BE84E11D3E6141009B899F /* PBXContainerItemProxy */;
		};
/* End PBXTargetDependency section */

/* Begin PBXVariantGroup section */
		C3BE84C81D3E6141009B899F /* Main.storyboard */ = {
			isa = PBXVariantGroup;
			children = (
				C3BE84C91D3E6141009B899F /* Base */,
			);
			name = Main.storyboard;
			sourceTree = "<group>";
		};
		C3BE84CD1D3E6141009B899F /* LaunchScreen.storyboard */ = {
			isa = PBXVariantGroup;
			children = (
				C3BE84CE1D3E6141009B899F /* Base */,
			);
			name = LaunchScreen.storyboard;
			sourceTree = "<group>";
		};
/* End PBXVariantGroup section */

/* Begin XCBuildConfiguration section */
		C3BE84E71D3E6141009B899F /* Debug */ = {
			isa = XCBuildConfiguration;
			buildSettings = {
				ALWAYS_SEARCH_USER_PATHS = NO;
				CLANG_ANALYZER_NONNULL = YES;
				CLANG_CXX_LANGUAGE_STANDARD = "gnu++0x";
				CLANG_CXX_LIBRARY = "libc++";
				CLANG_ENABLE_MODULES = YES;
				CLANG_ENABLE_OBJC_ARC = YES;
				CLANG_WARN_BOOL_CONVERSION = YES;
				CLANG_WARN_CONSTANT_CONVERSION = YES;
				CLANG_WARN_DIRECT_OBJC_ISA_USAGE = YES_ERROR;
				CLANG_WARN_EMPTY_BODY = YES;
				CLANG_WARN_ENUM_CONVERSION = YES;
				CLANG_WARN_INT_CONVERSION = YES;
				CLANG_WARN_OBJC_ROOT_CLASS = YES_ERROR;
				CLANG_WARN_UNREACHABLE_CODE = YES;
				CLANG_WARN__DUPLICATE_METHOD_MATCH = YES;
				"CODE_SIGN_IDENTITY[sdk=iphoneos*]" = "iPhone Developer";
				COPY_PHASE_STRIP = NO;
				DEBUG_INFORMATION_FORMAT = dwarf;
				ENABLE_STRICT_OBJC_MSGSEND = YES;
				ENABLE_TESTABILITY = YES;
				GCC_C_LANGUAGE_STANDARD = gnu99;
				GCC_DYNAMIC_NO_PIC = NO;
				GCC_NO_COMMON_BLOCKS = YES;
				GCC_OPTIMIZATION_LEVEL = 0;
				GCC_PREPROCESSOR_DEFINITIONS = (
					"DEBUG=1",
					"$(inherited)",
				);
				GCC_WARN_64_TO_32_BIT_CONVERSION = YES;
				GCC_WARN_ABOUT_RETURN_TYPE = YES_ERROR;
				GCC_WARN_UNDECLARED_SELECTOR = YES;
				GCC_WARN_UNINITIALIZED_AUTOS = YES_AGGRESSIVE;
				GCC_WARN_UNUSED_FUNCTION = YES;
				GCC_WARN_UNUSED_VARIABLE = YES;
				IPHONEOS_DEPLOYMENT_TARGET = 9.3;
				MTL_ENABLE_DEBUG_INFO = YES;
				ONLY_ACTIVE_ARCH = YES;
				SDKROOT = iphoneos;
				SWIFT_OPTIMIZATION_LEVEL = "-Onone";
			};
			name = Debug;
		};
		C3BE84E81D3E6141009B899F /* Release */ = {
			isa = XCBuildConfiguration;
			buildSettings = {
				ALWAYS_SEARCH_USER_PATHS = NO;
				CLANG_ANALYZER_NONNULL = YES;
				CLANG_CXX_LANGUAGE_STANDARD = "gnu++0x";
				CLANG_CXX_LIBRARY = "libc++";
				CLANG_ENABLE_MODULES = YES;
				CLANG_ENABLE_OBJC_ARC = YES;
				CLANG_WARN_BOOL_CONVERSION = YES;
				CLANG_WARN_CONSTANT_CONVERSION = YES;
				CLANG_WARN_DIRECT_OBJC_ISA_USAGE = YES_ERROR;
				CLANG_WARN_EMPTY_BODY = YES;
				CLANG_WARN_ENUM_CONVERSION = YES;
				CLANG_WARN_INT_CONVERSION = YES;
				CLANG_WARN_OBJC_ROOT_CLASS = YES_ERROR;
				CLANG_WARN_UNREACHABLE_CODE = YES;
				CLANG_WARN__DUPLICATE_METHOD_MATCH = YES;
				"CODE_SIGN_IDENTITY[sdk=iphoneos*]" = "iPhone Developer";
				COPY_PHASE_STRIP = NO;
				DEBUG_INFORMATION_FORMAT = "dwarf-with-dsym";
				ENABLE_NS_ASSERTIONS = NO;
				ENABLE_STRICT_OBJC_MSGSEND = YES;
				GCC_C_LANGUAGE_STANDARD = gnu99;
				GCC_NO_COMMON_BLOCKS = YES;
				GCC_WARN_64_TO_32_BIT_CONVERSION = YES;
				GCC_WARN_ABOUT_RETURN_TYPE = YES_ERROR;
				GCC_WARN_UNDECLARED_SELECTOR = YES;
				GCC_WARN_UNINITIALIZED_AUTOS = YES_AGGRESSIVE;
				GCC_WARN_UNUSED_FUNCTION = YES;
				GCC_WARN_UNUSED_VARIABLE = YES;
				IPHONEOS_DEPLOYMENT_TARGET = 9.3;
				MTL_ENABLE_DEBUG_INFO = NO;
				SDKROOT = iphoneos;
				VALIDATE_PRODUCT = YES;
			};
			name = Release;
		};
		C3BE84EA1D3E6141009B899F /* Debug */ = {
			isa = XCBuildConfiguration;
			buildSettings = {
				ASSETCATALOG_COMPILER_APPICON_NAME = AppIcon;
				INFOPLIST_FILE = Calculator/Info.plist;
				LD_RUNPATH_SEARCH_PATHS = "$(inherited) @executable_path/Frameworks";
				PRODUCT_BUNDLE_IDENTIFIER = r3born.lt.Calculator;
				PRODUCT_NAME = "$(TARGET_NAME)";
				TARGETED_DEVICE_FAMILY = 1;
			};
			name = Debug;
		};
		C3BE84EB1D3E6141009B899F /* Release */ = {
			isa = XCBuildConfiguration;
			buildSettings = {
				ASSETCATALOG_COMPILER_APPICON_NAME = AppIcon;
				INFOPLIST_FILE = Calculator/Info.plist;
				LD_RUNPATH_SEARCH_PATHS = "$(inherited) @executable_path/Frameworks";
				PRODUCT_BUNDLE_IDENTIFIER = r3born.lt.Calculator;
				PRODUCT_NAME = "$(TARGET_NAME)";
				TARGETED_DEVICE_FAMILY = 1;
			};
			name = Release;
		};
		C3BE84ED1D3E6141009B899F /* Debug */ = {
			isa = XCBuildConfiguration;
			buildSettings = {
				BUNDLE_LOADER = "$(TEST_HOST)";
				INFOPLIST_FILE = CalculatorTests/Info.plist;
				LD_RUNPATH_SEARCH_PATHS = "$(inherited) @executable_path/Frameworks @loader_path/Frameworks";
				PRODUCT_BUNDLE_IDENTIFIER = r3born.lt.CalculatorTests;
				PRODUCT_NAME = "$(TARGET_NAME)";
				TEST_HOST = "$(BUILT_PRODUCTS_DIR)/Calculator.app/Calculator";
			};
			name = Debug;
		};
		C3BE84EE1D3E6141009B899F /* Release */ = {
			isa = XCBuildConfiguration;
			buildSettings = {
				BUNDLE_LOADER = "$(TEST_HOST)";
				INFOPLIST_FILE = CalculatorTests/Info.plist;
				LD_RUNPATH_SEARCH_PATHS = "$(inherited) @executable_path/Frameworks @loader_path/Frameworks";
				PRODUCT_BUNDLE_IDENTIFIER = r3born.lt.CalculatorTests;
				PRODUCT_NAME = "$(TARGET_NAME)";
				TEST_HOST = "$(BUILT_PRODUCTS_DIR)/Calculator.app/Calculator";
			};
			name = Release;
		};
		C3BE84F01D3E6141009B899F /* Debug */ = {
			isa = XCBuildConfiguration;
			buildSettings = {
				INFOPLIST_FILE = CalculatorUITests/Info.plist;
				LD_RUNPATH_SEARCH_PATHS = "$(inherited) @executable_path/Frameworks @loader_path/Frameworks";
				PRODUCT_BUNDLE_IDENTIFIER = r3born.lt.CalculatorUITests;
				PRODUCT_NAME = "$(TARGET_NAME)";
				TEST_TARGET_NAME = Calculator;
			};
			name = Debug;
		};
		C3BE84F11D3E6141009B899F /* Release */ = {
			isa = XCBuildConfiguration;
			buildSettings = {
				INFOPLIST_FILE = CalculatorUITests/Info.plist;
				LD_RUNPATH_SEARCH_PATHS = "$(inherited) @executable_path/Frameworks @loader_path/Frameworks";
				PRODUCT_BUNDLE_IDENTIFIER = r3born.lt.CalculatorUITests;
				PRODUCT_NAME = "$(TARGET_NAME)";
				TEST_TARGET_NAME = Calculator;
			};
			name = Release;
		};
/* End XCBuildConfiguration section */

/* Begin XCConfigurationList section */
		C3BE84BC1D3E6141009B899F /* Build configuration list for PBXProject "Calculator" */ = {
			isa = XCConfigurationList;
			buildConfigurations = (
				C3BE84E71D3E6141009B899F /* Debug */,
				C3BE84E81D3E6141009B899F /* Release */,
			);
			defaultConfigurationIsVisible = 0;
			defaultConfigurationName = Release;
		};
		C3BE84E91D3E6141009B899F /* Build configuration list for PBXNativeTarget "Calculator" */ = {
			isa = XCConfigurationList;
			buildConfigurations = (
				C3BE84EA1D3E6141009B899F /* Debug */,
				C3BE84EB1D3E6141009B899F /* Release */,
			);
			defaultConfigurationIsVisible = 0;
		};
		C3BE84EC1D3E6141009B899F /* Build configuration list for PBXNativeTarget "CalculatorTests" */ = {
			isa = XCConfigurationList;
			buildConfigurations = (
				C3BE84ED1D3E6141009B899F /* Debug */,
				C3BE84EE1D3E6141009B899F /* Release */,
			);
			defaultConfigurationIsVisible = 0;
		};
		C3BE84EF1D3E6141009B899F /* Build configuration list for PBXNativeTarget "CalculatorUITests" */ = {
			isa = XCConfigurationList;
			buildConfigurations = (
				C3BE84F01D3E6141009B899F /* Debug */,
				C3BE84F11D3E6141009B899F /* Release */,
			);
			defaultConfigurationIsVisible = 0;
		};
/* End XCConfigurationList section */
	};
	rootObject = C3BE84B91D3E6141009B899F /* Project object */;
}
